
Microsoft Visual Studio Solution File, Format Version 12.00
# Visual Studio Version 16
VisualStudioVersion = 16.0.29613.14
MinimumVisualStudioVersion = 10.0.40219.1
Project("{FAE04EC0-301F-11D3-BF4B-00C04F79EFBC}") = "LinearAlgebraLibrary", "LinearAlgebraLibrary\LinearAlgebraLibrary.csproj", "{5E1BA73F-6101-4144-8B39-B021379DB446}"
EndProject
Project("{FAE04EC0-301F-11D3-BF4B-00C04F79EFBC}") = "LAToolkitTest", "LAToolkitTest\LAToolkitTest.csproj", "{46D539A1-938D-433B-8EFF-A3C7DF2A7A47}"
EndProject
Global
	GlobalSection(SolutionConfigurationPlatforms) = preSolution
		Debug|Any CPU = Debug|Any CPU
		Release|Any CPU = Release|Any CPU
	EndGlobalSection
	GlobalSection(ProjectConfigurationPlatforms) = postSolution
		{5E1BA73F-6101-4144-8B39-B021379DB446}.Debug|Any CPU.ActiveCfg = Debug|Any CPU
		{5E1BA73F-6101-4144-8B39-B021379DB446}.Debug|Any CPU.Build.0 = Debug|Any CPU
		{5E1BA73F-6101-4144-8B39-B021379DB446}.Release|Any CPU.ActiveCfg = Release|Any CPU
		{5E1BA73F-6101-4144-8B39-B021379DB446}.Release|Any CPU.Build.0 = Release|Any CPU
		{46D539A1-938D-433B-8EFF-A3C7DF2A7A47}.Debug|Any CPU.ActiveCfg = Debug|Any CPU
		{46D539A1-938D-433B-8EFF-A3C7DF2A7A47}.Debug|Any CPU.Build.0 = Debug|Any CPU
		{46D539A1-938D-433B-8EFF-A3C7DF2A7A47}.Release|Any CPU.ActiveCfg = Release|Any CPU
		{46D539A1-938D-433B-8EFF-A3C7DF2A7A47}.Release|Any CPU.Build.0 = Release|Any CPU
	EndGlobalSection
	GlobalSection(SolutionProperties) = preSolution
		HideSolutionNode = FALSE
	EndGlobalSection
	GlobalSection(ExtensibilityGlobals) = postSolution
		SolutionGuid = {683D0340-C72D-4B7B-BC5D-3A73745E82C6}
	EndGlobalSection
EndGlobal
